
Microsoft Visual Studio Solution File, Format Version 12.00
# Visual Studio 15
VisualStudioVersion = 15.0.27703.2042
MinimumVisualStudioVersion = 10.0.40219.1
Project("{9A19103F-16F7-4668-BE54-9A1E7A4F7556}") = "OdeToFood", "OdeToFood\OdeToFood.csproj", "{D9CAE028-9476-4ADE-BF99-C2794523B414}"
EndProject
Global
	GlobalSection(SolutionConfigurationPlatforms) = preSolution
		Debug|Any CPU = Debug|Any CPU
		Release|Any CPU = Release|Any CPU
	EndGlobalSection
	GlobalSection(ProjectConfigurationPlatforms) = postSolution
		{D9CAE028-9476-4ADE-BF99-C2794523B414}.Debug|Any CPU.ActiveCfg = Debug|Any CPU
		{D9CAE028-9476-4ADE-BF99-C2794523B414}.Debug|Any CPU.Build.0 = Debug|Any CPU
		{D9CAE028-9476-4ADE-BF99-C2794523B414}.Release|Any CPU.ActiveCfg = Release|Any CPU
		{D9CAE028-9476-4ADE-BF99-C2794523B414}.Release|Any CPU.Build.0 = Release|Any CPU
	EndGlobalSection
	GlobalSection(SolutionProperties) = preSolution
		HideSolutionNode = FALSE
	EndGlobalSection
	GlobalSection(ExtensibilityGlobals) = postSolution
		SolutionGuid = {C7577201-224A-4BA2-84BB-F4EA6ABBB576}
	EndGlobalSection
EndGlobal
